github.com/aws/aws-sdk-go-v2 v1.23.5 h1:xK6C4udTyDMd82RFvNkDQxtAd00xlzFUtX4fF2nMZyg=
github.com/aws/aws-sdk-go-v2 v1.23.5/go.mod h1:t3szzKfP0NeRU27uBFczDivYJjsmSnqI8kIvKyWb9ds=
github.com/aws/aws-sdk-go-v2/aws/protocol/eventstream v1.5.1 h1:ZY3108YtBNq96jNZTICHxN1gSBSbnvIdYwwqnvCV4Mc=
github.com/aws/aws-sdk-go-v2/aws/protocol/eventstream v1.5.1/go.mod h1:t8PYl/6LzdAqsU4/9tz28V/kU+asFePvpOMkdul0gEQ=
github.com/aws/aws-sdk-go-v2/config v1.25.10 h1:qw/e8emDtNufTkrAU86DlQ18DruMyyM7ttW6Lgwp4v0=
github.com/aws/aws-sdk-go-v2/config v1.25.10/go.mod h1:203YiAtb6XyoGxXMPsUVwEcuxCiTQY/r8P27IDjfvMc=
github.com/aws/aws-sdk-go-v2/credentials v1.16.8 h1:phw9nRLy/77bPk6Mfu2SHCOnHwfVB7WWrOa5rZIY2Fc=
github.com/aws/aws-sdk-go-v2/credentials v1.16.8/go.mod h1:MrS4SOin6adbO6wgWhdifyPiq+TX7fPPwyA/ZLC1F5M=
github.com/aws/aws-sdk-go-v2/feature/ec2/imds v1.14.8 h1:tQZLSPC2Zj2CqZHonLmWEvCsbpMX5tQvaYJWHadcPek=
github.com/aws/aws-sdk-go-v2/feature/ec2/imds v1.14.8/go.mod h1:5+YpvTHDFffykWr5qAGjqwoh8oVYZOddL3sSrEN7lws=
github.com/aws/aws-sdk-go-v2/internal/configsources v1.2.8 h1:8GVZIR0y6JRIUNSYI1xAMF4HDfV8H/bOsZ/8AD/uY5Q=
github.com/aws/aws-sdk-go-v2/internal/configsources v1.2.8/go.mod h1:rwBfu0SoUkBUZndVgPZKAD9Y2JigaZtRP68unRiYToQ=
github.com/aws/aws-sdk-go-v2/internal/endpoints/v2 v2.5.8 h1:ZE2ds/qeBkhk3yqYvS3CDCFNvd9ir5hMjlVStLZWrvM=
github.com/aws/aws-sdk-go-v2/internal/endpoints/v2 v2.5.8/go.mod h1:/lAPPymDYL023+TS6DJmjuL42nxix2AvEvfjqOBRODk=
github.com/aws/aws-sdk-go-v2/internal/ini v1.7.1 h1:uR9lXYjdPX0xY+NhvaJ4dD8rpSRz5VY81ccIIoNG+lw=
github.com/aws/aws-sdk-go-v2/internal/ini v1.7.1/go.mod h1:6fQQgfuGmw8Al/3M2IgIllycxV7ZW7WCdVSqfBeUiCY=
github.com/aws/aws-sdk-go-v2/internal/v4a v1.2.5 h1:CesTZ0o3+/7N7pDHyoEuS/zL0mD652uRsYCelV08ABU=
github.com/aws/aws-sdk-go-v2/internal/v4a v1.2.5/go.mod h1:Srr966fyoo72fJ/Hkz3ij6WQiZBX0RMO7w0jyzEwDyo=
github.com/aws/aws-sdk-go-v2/service/cloudformation v1.41.2 h1:EpBTl9FlHZAiZcZe54Lyhv3+DnDgSjHiGe8Hx3bTNuA=
github.com/aws/aws-sdk-go-v2/service/cloudformation v1.41.2/go.mod h1:ehWDbgXo5Zy6eLjP+xX+Vf8wXaSyLGeRf6KlvoVAaXk=
github.com/aws/aws-sdk-go-v2/service/internal/accept-encoding v1.10.3 h1:e3PCNeEaev/ZF01cQyNZgmYE9oYYePIMJs2mWSKG514=
github.com/aws/aws-sdk-go-v2/service/internal/accept-encoding v1.10.3/go.mod h1:gIeeNyaL8tIEqZrzAnTeyhHcE0yysCtcaP+N9kxLZ+E=
github.com/aws/aws-sdk-go-v2/service/internal/checksum v1.2.5 h1:OK4q/3E4Kr1bWgcTqSaxmCE5x463TFtSQrF6mQTqMrw=
github.com/aws/aws-sdk-go-v2/service/internal/checksum v1.2.5/go.mod h1:T4RMdi6FqSEFaUMLe/YKTD+tj0l+Uz+mxfT7QxljEIA=
github.com/aws/aws-sdk-go-v2/service/internal/presigned-url v1.10.7 h1:dU+ZyhvqMB/T/TxjGagHMCdyUiqaThRIaMu3YvKiSQI=
github.com/aws/aws-sdk-go-v2/service/internal/presigned-url v1.10.7/go.mod h1:SGORuNqoXyWfTvTp/gBGJfv8jRvW/+nha0XhnIXVI+o=
github.com/aws/aws-sdk-go-v2/service/internal/s3shared v1.16.5 h1:ow5dalHqYM8IbzXFCL86gQY9UJUtZsLyBHUd6OKep9M=
github.com/aws/aws-sdk-go-v2/service/internal/s3shared v1.16.5/go.mod h1:AcvGHLN2pTXdx1oVFSzcclBvfY2VbBg0AfOE/XjA7oo=
github.com/aws/aws-sdk-go-v2/service/s3 v1.46.0 h1:RaXPp86CLxTKDwCwSTmTW7FvTfaLPXhN48mPtQ881bA=
github.com/aws/aws-sdk-go-v2/service/s3 v1.46.0/go.mod h1:x7gN1BRfTWXdPr/cFGM/iz+c87gRtJ+JMYinObt/0LI=
github.com/aws/aws-sdk-go-v2/service/sso v1.18.1 h1:V40g2daNO3l1J94JYwqfkyvQMYXi5I25fs3fNQW8iDs=
github.com/aws/aws-sdk-go-v2/service/sso v1.18.1/go.mod h1:0ZWQJP/mBOUxkCvZKybZNz1XmdUKSBxoF0dzgfxtvDs=
github.com/aws/aws-sdk-go-v2/service/ssooidc v1.21.1 h1:uQrj7SpUNC3r55vc1CDh3qV9wJC66lz546xM9dhSo5s=
github.com/aws/aws-sdk-go-v2/service/ssooidc v1.21.1/go.mod h1:oyaTk5xEAOuPXX1kCD7HmIeuLqdj3Bk5yGkqGXtGi14=
github.com/aws/aws-sdk-go-v2/service/sts v1.26.1 h1:K33V7L0XDdb23FMOZySr8bon1jou5SHn1fiv7NJ1SUg=
github.com/aws/aws-sdk-go-v2/service/sts v1.26.1/go.mod h1:YtXUl/sfnS06VksYhr855hTQf2HphfT1Xv/EwuzbPjg=
github.com/aws/smithy-go v1.18.1 h1:pOdBTUfXNazOlxLrgeYalVnuTpKreACHtc62xLwIB3c=
github.com/aws/smithy-go v1.18.1/go.mod h1:NukqUGpCZIILqqiV0NIjeFh24kd/FAa4beRb6nbIUPE=
github.com/davecgh/go-spew v1.1.0 h1:ZDRjVQ15GmhC3fiQ8ni8+OwkZQO4DARzQgrnXU1Liz8=
github.com/davecgh/go-spew v1.1.0/go.mod h1:J7Y8YcW2NihsgmVo/mv3lAwl/skON4iLHjSsI+c5H38=
github.com/google/go-cmp v0.5.8 h1:e6P7q2lk1O+qJJb4BtCQXlK8vWEO8V1ZeuEdJNOqZyg=
github.com/google/uuid v1.3.0 h1:t6JiXgmwXMjEs8VusXIJk2BXHsn+wx8BZdTaoZ5fu7I=
github.com/google/uuid v1.3.0/go.mod h1:TIyPZe4MgqvfeYDBFedMoGGpEw/LqOeaOT+nhxU+yHo=
github.com/jmespath/go-jmespath v0.4.0 h1:BEgLn5cpjn8UN1mAw4NjwDrS35OdebyEtFe+9YPoQUg=
github.com/jmespath/go-jmespath v0.4.0/go.mod h1:T8mJZnbsbmF+m6zOOFylbeCJqk5+pHWvzYPziyZiYoo=
github.com/jmespath/go-jmespath/internal/testify v1.5.1 h1:shLQSRRSCCPj3f2gpwzGwWFoC7ycTf1rcQZHOlsJ6N8=
github.com/jmespath/go-jmespath/internal/testify v1.5.1/go.mod h1:L3OGu8Wl2/fWfCI6z80xFu9LTZmf1ZRjMHUOPmWr69U=
github.com/pmezard/go-difflib v1.0.0 h1:4DBwDE0NGyQoBHbLQYPwSUPoCMWR5BEzIk/f1lZbAQM=
github.com/pmezard/go-difflib v1.0.0/go.mod h1:iKH77koFhYxTK1pcRnkKkqfTogsbg7gZNVY4sRDYZ/4=
github.com/stretchr/objx v0.1.0/go.mod h1:HFkY916IF+rwdDfMAkV7OtwuqBVzrE8GR6GFx+wExME=
gopkg.in/check.v1 v0.0.0-20161208181325-20d25e280405 h1:yhCVgyC4o1eVCa2tZl7eS0r+SDo693bJlVdllGtEeKM=
gopkg.in/check.v1 v0.0.0-20161208181325-20d25e280405/go.mod h1:Co6ibVJAznAaIkqp8huTwlJQCZ016jof/cbN4VW5Yz0=
gopkg.in/yaml.v2 v2.2.8/go.mod h1:hI93XBmqTisBFMUTm0b8Fm+jr3Dg1NNxqwp+5A1VGuI=
gopkg.in/yaml.v2 v2.4.0 h1:D8xgwECY7CYvx+Y2n4sBz93Jn9JRvxdiyyo8CTfuKaY=
gopkg.in/yaml.v2 v2.4.0/go.mod h1:RDklbk79AGWmwhnvt/jBztapEOGDOx6ZbXqjP6csGnQ=
