github.com/aws/aws-sdk-go-v2 v1.43.2 h1:cl+IXwWb3qazClUcm08tGSsB6OiuV83JVJO9B0jQcPc=
github.com/aws/aws-sdk-go-v2 v1.43.2/go.mod h1:WEzLKBh/mEjXvx1FtQMWgSxMSTVqxQzjkRtk5fa3wkg=
github.com/aws/aws-sdk-go-v2/aws/protocol/eventstream v1.7.15 h1:rq/p1VNFfygoKEQ9hHMKsKBE98lspPvT8IxaFs5mFhw=
github.com/aws/aws-sdk-go-v2/aws/protocol/eventstream v1.7.15/go.mod h1:bELIhlPfW8OkpDhP1MvCjHDtvv8NhiBTz+K4o26zrXA=
github.com/aws/aws-sdk-go-v2/config v1.32.32 h1:CcYdrcIjulT7xbTSqeEInh/PqUWv10LMznfdbNRwHBM=
github.com/aws/aws-sdk-go-v2/config v1.32.32/go.mod h1:Rk+LRPrR2oLWLOqUbhNOKYOJ8chU2aZ/R+Sdi/Bc/+4=
github.com/aws/aws-sdk-go-v2/credentials v1.19.31 h1:olhkNt+ZMx+X40XxeyrflmdBx145TP+3DqaS4s8GsbI=
github.com/aws/aws-sdk-go-v2/credentials v1.19.31/go.mod h1:twHrsQY+gUmkTOsDqYwBBrdP41FvzO86qjiRbj7GXcw=
github.com/aws/aws-sdk-go-v2/feature/ec2/imds v1.18.32 h1:zheY8iDNNzOHGS2aBJ5GWjeRbhsGuSg4+s20NZ0AywQ=
github.com/aws/aws-sdk-go-v2/feature/ec2/imds v1.18.32/go.mod h1:bkw+ZoqafHSo/3lQBm+xzWf4kh79hqP9M2kPtmOFZIY=
github.com/aws/aws-sdk-go-v2/internal/configsources v1.4.33 h1:HAp1wLFZzch054uh3FK7rcVYg4v7J2FxVf3h3IGNZas=
github.com/aws/aws-sdk-go-v2/internal/configsources v1.4.33/go.mod h1:mJk5fmqnF+WUlMdPG37pR2Fh3oh6r8F6ZGUgPKvzu0c=
github.com/aws/aws-sdk-go-v2/internal/endpoints/v2 v2.7.33 h1:0YA0aCKgsJyno6xkFfaIgjE3/wK08+Qxo9nQfe1UrWM=
github.com/aws/aws-sdk-go-v2/internal/endpoints/v2 v2.7.33/go.mod h1:UZqj4WIdTH+ga8Y/DgpAuy/8cGjM3h7gDCliJYGg2SE=
github.com/aws/aws-sdk-go-v2/internal/v4a v1.4.33 h1:J4GttOtoayrtx24b8NODgSvJTAQ2qj/E5YPEeaYrYh0=
github.com/aws/aws-sdk-go-v2/internal/v4a v1.4.33/go.mod h1:G8G6DL9QyBO/vuHXJ/JG29qy2hBNYrQxDYJmqMStWJ4=
github.com/aws/aws-sdk-go-v2/service/cloudformation v1.75.2 h1:g+QKM1oKZuNBz9wbaN2rBJozgHOczsxjX4h9JGVVwac=
github.com/aws/aws-sdk-go-v2/service/cloudformation v1.75.2/go.mod h1:bC8WMGKQgvI2Gj+gwL5vhK1Q/6oNtDkmECpklDj4pQ8=
github.com/aws/aws-sdk-go-v2/service/internal/accept-encoding v1.13.14 h1:SA43nfaY7+1jjMNIc2ywu99JLJLButtIdLP6j+bT870=
github.com/aws/aws-sdk-go-v2/service/internal/accept-encoding v1.13.14/go.mod h1:Du3llKcwbQvHsTXSLzTOGQz0DTDBMEzdg7DAGu7inrY=
github.com/aws/aws-sdk-go-v2/service/internal/checksum v1.9.25 h1:t1pBmM7qO2pzE8sQ/00T+PnWfKNuQAbCw0cdChNfoMM=
github.com/aws/aws-sdk-go-v2/service/internal/checksum v1.9.25/go.mod h1:YDz7QcfWKH760WBWlw3zi2m/oawz6M55I02taW1X6oA=
github.com/aws/aws-sdk-go-v2/service/internal/presigned-url v1.13.32 h1:dWFHhQpbf7Yui4fsy+bJUy54JrmpJHIyAuUkcadqwMo=
github.com/aws/aws-sdk-go-v2/service/internal/presigned-url v1.13.32/go.mod h1:oN4Iix8rAbyTx6tFMP9mS8RFLJnDeZSbSsHwXYSs3tE=
github.com/aws/aws-sdk-go-v2/service/internal/s3shared v1.19.33 h1:WWevlLzmBqgzRy/rrTUHEmLXnLMNuSZkrQWdlGiLPYY=
github.com/aws/aws-sdk-go-v2/service/internal/s3shared v1.19.33/go.mod h1:lRlrKO4OuKlBZsSGioD2lprkdvu2dI7SAATcC1CYt7U=
github.com/aws/aws-sdk-go-v2/service/s3 v1.106.1 h1:LE9F8L9PXkboje/lJrvthQGsvbhi3SPZZidPgYuNBxk=
github.com/aws/aws-sdk-go-v2/service/s3 v1.106.1/go.mod h1:BC1zJ0lDLKkzEJDsF8kyimsmMoear7ZcfUzzEFscQrk=
github.com/aws/aws-sdk-go-v2/service/signin v1.5.1 h1:i7p1pinRrWxJp+sD+u2pCWYdcB9vL1VNIPKWssNOp4o=
github.com/aws/aws-sdk-go-v2/service/signin v1.5.1/go.mod h1:gtQTy/o93W5Sx0IFdAkn7Usa+Qg7ydG2+9GC7MoKqPU=
github.com/aws/aws-sdk-go-v2/service/sso v1.33.1 h1:GBLnqpnDEn/+vnBGlxAJ4+jopfzW7vVT0++jLPgWN9A=
github.com/aws/aws-sdk-go-v2/service/sso v1.33.1/go.mod h1:RK3AEzTbSEbGLQDd3qPA5ZLXm6mfB9shq5sbiuaF7AU=
github.com/aws/aws-sdk-go-v2/service/ssooidc v1.38.1 h1:1DWsRED+rRzFQ1rDWpwkipw67tp4kyQByQg9POWYl80=
github.com/aws/aws-sdk-go-v2/service/ssooidc v1.38.1/go.mod h1:nadMS3uTrTANeD214BBuPg/SJpJ/UhBiNuqN1Z2Ay4c=
github.com/aws/aws-sdk-go-v2/service/sts v1.45.1 h1:JugCuomdxnZwjp5xvqSuPgeWRecAvkno7EwXmR/ZXWE=
github.com/aws/aws-sdk-go-v2/service/sts v1.45.1/go.mod h1:dtViDu/XqU2gq1eeTFz7Ijb7xCHoso8CaBOqYVshoqc=
github.com/aws/smithy-go v1.27.5 h1:d1ro7KpYOYwP6m73YFa+Kc/A130VsAdX68SpsJwARMM=
github.com/aws/smithy-go v1.27.5/go.mod h1:YE2RhdIuDbA5E5bTdciG9KrW3+TiEONeUWCqxX9i1Fc=
github.com/google/uuid v1.3.0 h1:t6JiXgmwXMjEs8VusXIJk2BXHsn+wx8BZdTaoZ5fu7I=
github.com/google/uuid v1.3.0/go.mod h1:TIyPZe4MgqvfeYDBFedMoGGpEw/LqOeaOT+nhxU+yHo=
gopkg.in/check.v1 v0.0.0-20161208181325-20d25e280405 h1:yhCVgyC4o1eVCa2tZl7eS0r+SDo693bJlVdllGtEeKM=
gopkg.in/check.v1 v0.0.0-20161208181325-20d25e280405/go.mod h1:Co6ibVJAznAaIkqp8huTwlJQCZ016jof/cbN4VW5Yz0=
gopkg.in/yaml.v2 v2.4.0 h1:D8xgwECY7CYvx+Y2n4sBz93Jn9JRvxdiyyo8CTfuKaY=
gopkg.in/yaml.v2 v2.4.0/go.mod h1:RDklbk79AGWmwhnvt/jBztapEOGDOx6ZbXqjP6csGnQ=
